PODS:
  - Realm (0.98.6):
    - Realm/Headers (= 0.98.6)
  - Realm/Headers (0.98.6)
  - RealmSwift (0.98.6):
    - Realm (= 0.98.6)

DEPENDENCIES:
  - RealmSwift

SPEC CHECKSUMS:
  Realm: 44803f35418c5d89b27825a564247fcd190de37e
  RealmSwift: c7239c52c83f8c43525a5269ba7be1694da33afc

PODFILE CHECKSUM: 4378dc4ffb2e5d6bdf5b87274d51dd9166a13d54

COCOAPODS: 1.0.0.beta.4
